
Microsoft Visual Studio Solution File, Format Version 12.00
# Visual Studio Version 17
VisualStudioVersion = 17.0.31903.59
MinimumVisualStudioVersion = 10.0.40219.1
Project("{FAE04EC0-301F-11D3-BF4B-00C04F79EFBC}") = "Main", "Main\Main.csproj", "{A6ED8A84-7FFD-4226-A617-B923EFC448E3}"
EndProject
Project("{FAE04EC0-301F-11D3-BF4B-00C04F79EFBC}") = "Day01", "Day01\Day01.csproj", "{507B8F7C-6091-4DBB-93F1-1870C5F4E1AD}"
EndProject
Global
	GlobalSection(SolutionConfigurationPlatforms) = preSolution
		Debug|Any CPU = Debug|Any CPU
		Release|Any CPU = Release|Any CPU
	EndGlobalSection
	GlobalSection(ProjectConfigurationPlatforms) = postSolution
		{A6ED8A84-7FFD-4226-A617-B923EFC448E3}.Debug|Any CPU.ActiveCfg = Debug|Any CPU
		{A6ED8A84-7FFD-4226-A617-B923EFC448E3}.Debug|Any CPU.Build.0 = Debug|Any CPU
		{A6ED8A84-7FFD-4226-A617-B923EFC448E3}.Release|Any CPU.ActiveCfg = Release|Any CPU
		{A6ED8A84-7FFD-4226-A617-B923EFC448E3}.Release|Any CPU.Build.0 = Release|Any CPU
		{507B8F7C-6091-4DBB-93F1-1870C5F4E1AD}.Debug|Any CPU.ActiveCfg = Debug|Any CPU
		{507B8F7C-6091-4DBB-93F1-1870C5F4E1AD}.Debug|Any CPU.Build.0 = Debug|Any CPU
		{507B8F7C-6091-4DBB-93F1-1870C5F4E1AD}.Release|Any CPU.ActiveCfg = Release|Any CPU
		{507B8F7C-6091-4DBB-93F1-1870C5F4E1AD}.Release|Any CPU.Build.0 = Release|Any CPU
	EndGlobalSection
	GlobalSection(SolutionProperties) = preSolution
		HideSolutionNode = FALSE
	EndGlobalSection
	GlobalSection(ExtensibilityGlobals) = postSolution
		SolutionGuid = {128B3ADC-79C7-4BA0-916A-1827B5F11B0C}
	EndGlobalSection
EndGlobal
